# This file is @generated by PDM.
# It is not intended for manual editing.

[metadata]
groups = ["default", "dev"]
strategy = []
lock_version = "4.5.0"
content_hash = "sha256:5b1d4019a2ff4aab62a099c1670b742b889d9acf497fa0c98c54753767c2bf53"

[[metadata.targets]]
requires_python = "~=3.10"

[[package]]
name = "bump2version"
version = "1.0.1"
requires_python = ">=3.5"
summary = "Version-bump your software with a single command!"
files = [
    {file = "bump2version-1.0.1-py2.py3-none-any.whl", hash = "sha256:37f927ea17cde7ae2d7baf832f8e80ce3777624554a653006c9144f8017fe410"},
    {file = "bump2version-1.0.1.tar.gz", hash = "sha256:762cb2bfad61f4ec8e2bdf452c7c267416f8c70dd9ecb1653fd0bbb01fa936e6"},
]
