version = 1
requires-python = ">=3.9, <4.0"

[[package]]
name = "bump2version"
version = "1.0.1"
source = { registry = "https://repo.huaweicloud.com/repository/pypi/simple/" }
sdist = { url = "https://repo.huaweicloud.com/repository/pypi/packages/29/2a/688aca6eeebfe8941235be53f4da780c6edee05dbbea5d7abaa3aab6fad2/bump2version-1.0.1.tar.gz", hash = "sha256:762cb2bfad61f4ec8e2bdf452c7c267416f8c70dd9ecb1653fd0bbb01fa936e6" }
wheels = [
    { url = "https://repo.huaweicloud.com/repository/pypi/packages/1d/e3/fa60c47d7c344533142eb3af0b73234ef8ea3fb2da742ab976b947e717df/bump2version-1.0.1-py2.py3-none-any.whl", hash = "sha256:37f927ea17cde7ae2d7baf832f8e80ce3777624554a653006c9144f8017fe410" },
]

[[package]]
name = "gptcomet"
version = "0.3.0"
source = { editable = "." }

[package.dev-dependencies]
dev = [
    { name = "bump2version" },
]

[package.metadata]

[package.metadata.requires-dev]
dev = [{ name = "bump2version", specifier = ">=1.0.1" }]
